
Microsoft Visual Studio Solution File, Format Version 12.00
# Visual Studio Version 16
VisualStudioVersion = 16.0.29609.76
MinimumVisualStudioVersion = 10.0.40219.1
Project("{FAE04EC0-301F-11D3-BF4B-00C04F79EFBC}") = "HNDunit20", "HNDunit20.csproj", "{D0AFB05D-B78A-4BE7-B0CE-A8BCEF158BC6}"
EndProject
Global
	GlobalSection(SolutionConfigurationPlatforms) = preSolution
		Debug|Any CPU = Debug|Any CPU
		Release|Any CPU = Release|Any CPU
	EndGlobalSection
	GlobalSection(ProjectConfigurationPlatforms) = postSolution
		{D0AFB05D-B78A-4BE7-B0CE-A8BCEF158BC6}.Debug|Any CPU.ActiveCfg = Debug|Any CPU
		{D0AFB05D-B78A-4BE7-B0CE-A8BCEF158BC6}.Debug|Any CPU.Build.0 = Debug|Any CPU
		{D0AFB05D-B78A-4BE7-B0CE-A8BCEF158BC6}.Release|Any CPU.ActiveCfg = Release|Any CPU
		{D0AFB05D-B78A-4BE7-B0CE-A8BCEF158BC6}.Release|Any CPU.Build.0 = Release|Any CPU
	EndGlobalSection
	GlobalSection(SolutionProperties) = preSolution
		HideSolutionNode = FALSE
	EndGlobalSection
	GlobalSection(ExtensibilityGlobals) = postSolution
		SolutionGuid = {1BB50895-52FE-4B9F-BD33-AAB19B94204D}
	EndGlobalSection
EndGlobal
